
Microsoft Visual Studio Solution File, Format Version 12.00
# Visual Studio Version 17
VisualStudioVersion = 17.0.31903.59
MinimumVisualStudioVersion = 10.0.40219.1
Project("{FAE04EC0-301F-11D3-BF4B-00C04F79EFBC}") = "Optick", "Optick\Optick.csproj", "{97F462A6-7E81-4AD1-AE48-602F79F70169}"
EndProject
Project("{9A19103F-16F7-4668-BE54-9A1E7A4F7556}") = "InteractiveDataDisplay.WPF", "InteractiveDataDisplay.WPF\InteractiveDataDisplay.WPF.csproj", "{2D34544C-2DF2-4B20-A43A-6C8D2DF3DD82}"
EndProject
Project("{FAE04EC0-301F-11D3-BF4B-00C04F79EFBC}") = "Profiler.Data", "Profiler.Data\Profiler.Data.csproj", "{37D3FA6A-86FA-43B2-8A4F-681DAA3C5E63}"
EndProject
Project("{FAE04EC0-301F-11D3-BF4B-00C04F79EFBC}") = "Profiler.DirectX", "Profiler.DirectX\Profiler.DirectX.csproj", "{E86C057E-E135-4100-A4A4-C943C7F14C56}"
EndProject
Project("{FAE04EC0-301F-11D3-BF4B-00C04F79EFBC}") = "Profiler.Controls", "Profiler.Controls\Profiler.Controls.csproj", "{2B515F9A-27ED-4A0F-85F1-2E73B838BD81}"
EndProject
Project("{FAE04EC0-301F-11D3-BF4B-00C04F79EFBC}") = "Profiler.InfrastructureMvvm", "Profiler.InfrastructureMvvm\Profiler.InfrastructureMvvm.csproj", "{65CAE3B7-6EA5-4FA4-8E83-4128FF73A40D}"
EndProject
Project("{2150E333-8FDC-42A3-9474-1A3956D46DE8}") = "3rdParty", "3rdParty", "{506CD129-58AC-44C4-985B-EF2674F5E621}"
EndProject
Project("{2150E333-8FDC-42A3-9474-1A3956D46DE8}") = "Profiler", "Profiler", "{91A707F9-30C7-40F9-9A26-16A127E7D3BB}"
EndProject
Project("{2150E333-8FDC-42A3-9474-1A3956D46DE8}") = "GUI", "GUI", "{B5FF9893-988C-44E9-A01C-AC80EF776423}"
EndProject
Project("{FAE04EC0-301F-11D3-BF4B-00C04F79EFBC}") = "Profiler.Interop", "Profiler.Interop\Profiler.Interop.csproj", "{168EFEDE-D263-41C7-8839-07CFA7815AC0}"
EndProject
Project("{FAE04EC0-301F-11D3-BF4B-00C04F79EFBC}") = "Profiler.Trace", "Profiler.Trace\Profiler.Trace.csproj", "{9ADF36AE-023D-4D81-A13C-9A18A9E84359}"
EndProject
Global
	GlobalSection(SolutionConfigurationPlatforms) = preSolution
		Debug|Any CPU = Debug|Any CPU
		Debug|Mixed Platforms = Debug|Mixed Platforms
		Debug|x64 = Debug|x64
		Debug|x86 = Debug|x86
		Release|Any CPU = Release|Any CPU
		Release|Mixed Platforms = Release|Mixed Platforms
		Release|x64 = Release|x64
		Release|x86 = Release|x86
	EndGlobalSection
	GlobalSection(ProjectConfigurationPlatforms) = postSolution
		{97F462A6-7E81-4AD1-AE48-602F79F70169}.Debug|Any CPU.ActiveCfg = Debug|Any CPU
		{97F462A6-7E81-4AD1-AE48-602F79F70169}.Debug|Any CPU.Build.0 = Debug|Any CPU
		{97F462A6-7E81-4AD1-AE48-602F79F70169}.Debug|Mixed Platforms.ActiveCfg = Debug|x86
		{97F462A6-7E81-4AD1-AE48-602F79F70169}.Debug|Mixed Platforms.Build.0 = Debug|x86
		{97F462A6-7E81-4AD1-AE48-602F79F70169}.Debug|x64.ActiveCfg = Debug|x64
		{97F462A6-7E81-4AD1-AE48-602F79F70169}.Debug|x64.Build.0 = Debug|x64
		{97F462A6-7E81-4AD1-AE48-602F79F70169}.Debug|x86.ActiveCfg = Debug|x86
		{97F462A6-7E81-4AD1-AE48-602F79F70169}.Debug|x86.Build.0 = Debug|x86
		{97F462A6-7E81-4AD1-AE48-602F79F70169}.Release|Any CPU.ActiveCfg = Release|Any CPU
		{97F462A6-7E81-4AD1-AE48-602F79F70169}.Release|Any CPU.Build.0 = Release|Any CPU
		{97F462A6-7E81-4AD1-AE48-602F79F70169}.Release|Mixed Platforms.ActiveCfg = Release|x86
		{97F462A6-7E81-4AD1-AE48-602F79F70169}.Release|Mixed Platforms.Build.0 = Release|x86
		{97F462A6-7E81-4AD1-AE48-602F79F70169}.Release|x64.ActiveCfg = Release|x64
		{97F462A6-7E81-4AD1-AE48-602F79F70169}.Release|x64.Build.0 = Release|x64
		{97F462A6-7E81-4AD1-AE48-602F79F70169}.Release|x86.ActiveCfg = Release|x86
		{97F462A6-7E81-4AD1-AE48-602F79F70169}.Release|x86.Build.0 = Release|x86
		{2D34544C-2DF2-4B20-A43A-6C8D2DF3DD82}.Debug|Any CPU.ActiveCfg = Debug|Any CPU
		{2D34544C-2DF2-4B20-A43A-6C8D2DF3DD82}.Debug|Any CPU.Build.0 = Debug|Any CPU
		{2D34544C-2DF2-4B20-A43A-6C8D2DF3DD82}.Debug|Mixed Platforms.ActiveCfg = Debug|Any CPU
		{2D34544C-2DF2-4B20-A43A-6C8D2DF3DD82}.Debug|Mixed Platforms.Build.0 = Debug|Any CPU
		{2D34544C-2DF2-4B20-A43A-6C8D2DF3DD82}.Debug|x64.ActiveCfg = Debug|Any CPU
		{2D34544C-2DF2-4B20-A43A-6C8D2DF3DD82}.Debug|x64.Build.0 = Debug|Any CPU
		{2D34544C-2DF2-4B20-A43A-6C8D2DF3DD82}.Debug|x86.ActiveCfg = Debug|Any CPU
		{2D34544C-2DF2-4B20-A43A-6C8D2DF3DD82}.Debug|x86.Build.0 = Debug|Any CPU
		{2D34544C-2DF2-4B20-A43A-6C8D2DF3DD82}.Release|Any CPU.ActiveCfg = Release|Any CPU
		{2D34544C-2DF2-4B20-A43A-6C8D2DF3DD82}.Release|Any CPU.Build.0 = Release|Any CPU
		{2D34544C-2DF2-4B20-A43A-6C8D2DF3DD82}.Release|Mixed Platforms.ActiveCfg = Release|Any CPU
		{2D34544C-2DF2-4B20-A43A-6C8D2DF3DD82}.Release|Mixed Platforms.Build.0 = Release|Any CPU
		{2D34544C-2DF2-4B20-A43A-6C8D2DF3DD82}.Release|x64.ActiveCfg = Release|Any CPU
		{2D34544C-2DF2-4B20-A43A-6C8D2DF3DD82}.Release|x64.Build.0 = Release|Any CPU
		{2D34544C-2DF2-4B20-A43A-6C8D2DF3DD82}.Release|x86.ActiveCfg = Release|Any CPU
		{2D34544C-2DF2-4B20-A43A-6C8D2DF3DD82}.Release|x86.Build.0 = Release|Any CPU
		{37D3FA6A-86FA-43B2-8A4F-681DAA3C5E63}.Debug|Any CPU.ActiveCfg = Debug|Any CPU
		{37D3FA6A-86FA-43B2-8A4F-681DAA3C5E63}.Debug|Any CPU.Build.0 = Debug|Any CPU
		{37D3FA6A-86FA-43B2-8A4F-681DAA3C5E63}.Debug|Mixed Platforms.ActiveCfg = Debug|Any CPU
		{37D3FA6A-86FA-43B2-8A4F-681DAA3C5E63}.Debug|Mixed Platforms.Build.0 = Debug|Any CPU
		{37D3FA6A-86FA-43B2-8A4F-681DAA3C5E63}.Debug|x64.ActiveCfg = Debug|Any CPU
		{37D3FA6A-86FA-43B2-8A4F-681DAA3C5E63}.Debug|x64.Build.0 = Debug|Any CPU
		{37D3FA6A-86FA-43B2-8A4F-681DAA3C5E63}.Debug|x86.ActiveCfg = Debug|Any CPU
		{37D3FA6A-86FA-43B2-8A4F-681DAA3C5E63}.Debug|x86.Build.0 = Debug|Any CPU
		{37D3FA6A-86FA-43B2-8A4F-681DAA3C5E63}.Release|Any CPU.ActiveCfg = Release|Any CPU
		{37D3FA6A-86FA-43B2-8A4F-681DAA3C5E63}.Release|Any CPU.Build.0 = Release|Any CPU
		{37D3FA6A-86FA-43B2-8A4F-681DAA3C5E63}.Release|Mixed Platforms.ActiveCfg = Release|Any CPU
		{37D3FA6A-86FA-43B2-8A4F-681DAA3C5E63}.Release|Mixed Platforms.Build.0 = Release|Any CPU
		{37D3FA6A-86FA-43B2-8A4F-681DAA3C5E63}.Release|x64.ActiveCfg = Release|Any CPU
		{37D3FA6A-86FA-43B2-8A4F-681DAA3C5E63}.Release|x64.Build.0 = Release|Any CPU
		{37D3FA6A-86FA-43B2-8A4F-681DAA3C5E63}.Release|x86.ActiveCfg = Release|Any CPU
		{37D3FA6A-86FA-43B2-8A4F-681DAA3C5E63}.Release|x86.Build.0 = Release|Any CPU
		{E86C057E-E135-4100-A4A4-C943C7F14C56}.Debug|Any CPU.ActiveCfg = Debug|Any CPU
		{E86C057E-E135-4100-A4A4-C943C7F14C56}.Debug|Any CPU.Build.0 = Debug|Any CPU
		{E86C057E-E135-4100-A4A4-C943C7F14C56}.Debug|Mixed Platforms.ActiveCfg = Debug|Any CPU
		{E86C057E-E135-4100-A4A4-C943C7F14C56}.Debug|Mixed Platforms.Build.0 = Debug|Any CPU
		{E86C057E-E135-4100-A4A4-C943C7F14C56}.Debug|x64.ActiveCfg = Debug|Any CPU
		{E86C057E-E135-4100-A4A4-C943C7F14C56}.Debug|x64.Build.0 = Debug|Any CPU
		{E86C057E-E135-4100-A4A4-C943C7F14C56}.Debug|x86.ActiveCfg = Debug|Any CPU
		{E86C057E-E135-4100-A4A4-C943C7F14C56}.Debug|x86.Build.0 = Debug|Any CPU
		{E86C057E-E135-4100-A4A4-C943C7F14C56}.Release|Any CPU.ActiveCfg = Release|Any CPU
		{E86C057E-E135-4100-A4A4-C943C7F14C56}.Release|Any CPU.Build.0 = Release|Any CPU
		{E86C057E-E135-4100-A4A4-C943C7F14C56}.Release|Mixed Platforms.ActiveCfg = Release|Any CPU
		{E86C057E-E135-4100-A4A4-C943C7F14C56}.Release|Mixed Platforms.Build.0 = Release|Any CPU
		{E86C057E-E135-4100-A4A4-C943C7F14C56}.Release|x64.ActiveCfg = Release|Any CPU
		{E86C057E-E135-4100-A4A4-C943C7F14C56}.Release|x64.Build.0 = Release|Any CPU
		{E86C057E-E135-4100-A4A4-C943C7F14C56}.Release|x86.ActiveCfg = Release|Any CPU
		{E86C057E-E135-4100-A4A4-C943C7F14C56}.Release|x86.Build.0 = Release|Any CPU
		{2B515F9A-27ED-4A0F-85F1-2E73B838BD81}.Debug|Any CPU.ActiveCfg = Debug|Any CPU
		{2B515F9A-27ED-4A0F-85F1-2E73B838BD81}.Debug|Any CPU.Build.0 = Debug|Any CPU
		{2B515F9A-27ED-4A0F-85F1-2E73B838BD81}.Debug|Mixed Platforms.ActiveCfg = Debug|Any CPU
		{2B515F9A-27ED-4A0F-85F1-2E73B838BD81}.Debug|Mixed Platforms.Build.0 = Debug|Any CPU
		{2B515F9A-27ED-4A0F-85F1-2E73B838BD81}.Debug|x64.ActiveCfg = Debug|Any CPU
		{2B515F9A-27ED-4A0F-85F1-2E73B838BD81}.Debug|x64.Build.0 = Debug|Any CPU
		{2B515F9A-27ED-4A0F-85F1-2E73B838BD81}.Debug|x86.ActiveCfg = Debug|Any CPU
		{2B515F9A-27ED-4A0F-85F1-2E73B838BD81}.Debug|x86.Build.0 = Debug|Any CPU
		{2B515F9A-27ED-4A0F-85F1-2E73B838BD81}.Release|Any CPU.ActiveCfg = Release|Any CPU
		{2B515F9A-27ED-4A0F-85F1-2E73B838BD81}.Release|Any CPU.Build.0 = Release|Any CPU
		{2B515F9A-27ED-4A0F-85F1-2E73B838BD81}.Release|Mixed Platforms.ActiveCfg = Release|Any CPU
		{2B515F9A-27ED-4A0F-85F1-2E73B838BD81}.Release|Mixed Platforms.Build.0 = Release|Any CPU
		{2B515F9A-27ED-4A0F-85F1-2E73B838BD81}.Release|x64.ActiveCfg = Release|Any CPU
		{2B515F9A-27ED-4A0F-85F1-2E73B838BD81}.Release|x64.Build.0 = Release|Any CPU
		{2B515F9A-27ED-4A0F-85F1-2E73B838BD81}.Release|x86.ActiveCfg = Release|Any CPU
		{2B515F9A-27ED-4A0F-85F1-2E73B838BD81}.Release|x86.Build.0 = Release|Any CPU
		{65CAE3B7-6EA5-4FA4-8E83-4128FF73A40D}.Debug|Any CPU.ActiveCfg = Debug|Any CPU
		{65CAE3B7-6EA5-4FA4-8E83-4128FF73A40D}.Debug|Any CPU.Build.0 = Debug|Any CPU
		{65CAE3B7-6EA5-4FA4-8E83-4128FF73A40D}.Debug|Mixed Platforms.ActiveCfg = Debug|Any CPU
		{65CAE3B7-6EA5-4FA4-8E83-4128FF73A40D}.Debug|Mixed Platforms.Build.0 = Debug|Any CPU
		{65CAE3B7-6EA5-4FA4-8E83-4128FF73A40D}.Debug|x64.ActiveCfg = Debug|Any CPU
		{65CAE3B7-6EA5-4FA4-8E83-4128FF73A40D}.Debug|x64.Build.0 = Debug|Any CPU
		{65CAE3B7-6EA5-4FA4-8E83-4128FF73A40D}.Debug|x86.ActiveCfg = Debug|Any CPU
		{65CAE3B7-6EA5-4FA4-8E83-4128FF73A40D}.Debug|x86.Build.0 = Debug|Any CPU
		{65CAE3B7-6EA5-4FA4-8E83-4128FF73A40D}.Release|Any CPU.ActiveCfg = Release|Any CPU
		{65CAE3B7-6EA5-4FA4-8E83-4128FF73A40D}.Release|Any CPU.Build.0 = Release|Any CPU
		{65CAE3B7-6EA5-4FA4-8E83-4128FF73A40D}.Release|Mixed Platforms.ActiveCfg = Release|Any CPU
		{65CAE3B7-6EA5-4FA4-8E83-4128FF73A40D}.Release|Mixed Platforms.Build.0 = Release|Any CPU
		{65CAE3B7-6EA5-4FA4-8E83-4128FF73A40D}.Release|x64.ActiveCfg = Release|Any CPU
		{65CAE3B7-6EA5-4FA4-8E83-4128FF73A40D}.Release|x64.Build.0 = Release|Any CPU
		{65CAE3B7-6EA5-4FA4-8E83-4128FF73A40D}.Release|x86.ActiveCfg = Release|Any CPU
		{65CAE3B7-6EA5-4FA4-8E83-4128FF73A40D}.Release|x86.Build.0 = Release|Any CPU
		{168EFEDE-D263-41C7-8839-07CFA7815AC0}.Debug|Any CPU.ActiveCfg = Debug|Any CPU
		{168EFEDE-D263-41C7-8839-07CFA7815AC0}.Debug|Any CPU.Build.0 = Debug|Any CPU
		{168EFEDE-D263-41C7-8839-07CFA7815AC0}.Debug|Mixed Platforms.ActiveCfg = Debug|Any CPU
		{168EFEDE-D263-41C7-8839-07CFA7815AC0}.Debug|Mixed Platforms.Build.0 = Debug|Any CPU
		{168EFEDE-D263-41C7-8839-07CFA7815AC0}.Debug|x64.ActiveCfg = Debug|Any CPU
		{168EFEDE-D263-41C7-8839-07CFA7815AC0}.Debug|x64.Build.0 = Debug|Any CPU
		{168EFEDE-D263-41C7-8839-07CFA7815AC0}.Debug|x86.ActiveCfg = Debug|Any CPU
		{168EFEDE-D263-41C7-8839-07CFA7815AC0}.Debug|x86.Build.0 = Debug|Any CPU
		{168EFEDE-D263-41C7-8839-07CFA7815AC0}.Release|Any CPU.ActiveCfg = Release|Any CPU
		{168EFEDE-D263-41C7-8839-07CFA7815AC0}.Release|Any CPU.Build.0 = Release|Any CPU
		{168EFEDE-D263-41C7-8839-07CFA7815AC0}.Release|Mixed Platforms.ActiveCfg = Release|Any CPU
		{168EFEDE-D263-41C7-8839-07CFA7815AC0}.Release|Mixed Platforms.Build.0 = Release|Any CPU
		{168EFEDE-D263-41C7-8839-07CFA7815AC0}.Release|x64.ActiveCfg = Release|Any CPU
		{168EFEDE-D263-41C7-8839-07CFA7815AC0}.Release|x64.Build.0 = Release|Any CPU
		{168EFEDE-D263-41C7-8839-07CFA7815AC0}.Release|x86.ActiveCfg = Release|Any CPU
		{168EFEDE-D263-41C7-8839-07CFA7815AC0}.Release|x86.Build.0 = Release|Any CPU
		{9ADF36AE-023D-4D81-A13C-9A18A9E84359}.Debug|Any CPU.ActiveCfg = Debug|Any CPU
		{9ADF36AE-023D-4D81-A13C-9A18A9E84359}.Debug|Any CPU.Build.0 = Debug|Any CPU
		{9ADF36AE-023D-4D81-A13C-9A18A9E84359}.Debug|Mixed Platforms.ActiveCfg = Debug|Any CPU
		{9ADF36AE-023D-4D81-A13C-9A18A9E84359}.Debug|Mixed Platforms.Build.0 = Debug|Any CPU
		{9ADF36AE-023D-4D81-A13C-9A18A9E84359}.Debug|x64.ActiveCfg = Debug|Any CPU
		{9ADF36AE-023D-4D81-A13C-9A18A9E84359}.Debug|x64.Build.0 = Debug|Any CPU
		{9ADF36AE-023D-4D81-A13C-9A18A9E84359}.Debug|x86.ActiveCfg = Debug|Any CPU
		{9ADF36AE-023D-4D81-A13C-9A18A9E84359}.Debug|x86.Build.0 = Debug|Any CPU
		{9ADF36AE-023D-4D81-A13C-9A18A9E84359}.Release|Any CPU.ActiveCfg = Release|Any CPU
		{9ADF36AE-023D-4D81-A13C-9A18A9E84359}.Release|Any CPU.Build.0 = Release|Any CPU
		{9ADF36AE-023D-4D81-A13C-9A18A9E84359}.Release|Mixed Platforms.ActiveCfg = Release|Any CPU
		{9ADF36AE-023D-4D81-A13C-9A18A9E84359}.Release|Mixed Platforms.Build.0 = Release|Any CPU
		{9ADF36AE-023D-4D81-A13C-9A18A9E84359}.Release|x64.ActiveCfg = Release|Any CPU
		{9ADF36AE-023D-4D81-A13C-9A18A9E84359}.Release|x64.Build.0 = Release|Any CPU
		{9ADF36AE-023D-4D81-A13C-9A18A9E84359}.Release|x86.ActiveCfg = Release|Any CPU
		{9ADF36AE-023D-4D81-A13C-9A18A9E84359}.Release|x86.Build.0 = Release|Any CPU
	EndGlobalSection
	GlobalSection(SolutionProperties) = preSolution
		HideSolutionNode = FALSE
	EndGlobalSection
	GlobalSection(NestedProjects) = preSolution
		{97F462A6-7E81-4AD1-AE48-602F79F70169} = {B5FF9893-988C-44E9-A01C-AC80EF776423}
		{2D34544C-2DF2-4B20-A43A-6C8D2DF3DD82} = {506CD129-58AC-44C4-985B-EF2674F5E621}
		{37D3FA6A-86FA-43B2-8A4F-681DAA3C5E63} = {91A707F9-30C7-40F9-9A26-16A127E7D3BB}
		{E86C057E-E135-4100-A4A4-C943C7F14C56} = {91A707F9-30C7-40F9-9A26-16A127E7D3BB}
		{2B515F9A-27ED-4A0F-85F1-2E73B838BD81} = {91A707F9-30C7-40F9-9A26-16A127E7D3BB}
		{65CAE3B7-6EA5-4FA4-8E83-4128FF73A40D} = {91A707F9-30C7-40F9-9A26-16A127E7D3BB}
		{168EFEDE-D263-41C7-8839-07CFA7815AC0} = {91A707F9-30C7-40F9-9A26-16A127E7D3BB}
		{9ADF36AE-023D-4D81-A13C-9A18A9E84359} = {91A707F9-30C7-40F9-9A26-16A127E7D3BB}
	EndGlobalSection
	GlobalSection(ExtensibilityGlobals) = postSolution
		SolutionGuid = {0027C542-8519-493E-8ACA-88E03B35ACB8}
	EndGlobalSection
EndGlobal
